# THIS IS AN AUTOGENERATED FILE. DO NOT EDIT THIS FILE DIRECTLY.
# yarn lockfile v1


"@types/pegjs@^0.10.0":
  version "0.10.6"
  resolved "https://registry.yarnpkg.com/@types/pegjs/-/pegjs-0.10.6.tgz#bc20fc4809fed4cddab8d0dbee0e568803741a82"
  integrity sha512-eLYXDbZWXh2uxf+w8sXS8d6KSoXTswfps6fvCUuVAGN8eRpfe7h9eSRydxiSJvo9Bf+GzifsDOr9TMQlmJdmkw==

big-integer@^1.6.48:
  version "1.6.52"
  resolved "https://registry.yarnpkg.com/big-integer/-/big-integer-1.6.52.tgz#60a887f3047614a8e1bffe5d7173490a97dc8c85"
  integrity sha512-QxD8cf2eVqJOOz63z6JIN9BzvVs/dlySa5HGSBH5xtR8dPteIRQnBxxKqkNTiT6jbDTF6jAfrd4oMcND9RGbQg==

node-sql-parser@^5.3.2:
  version "5.3.2"
  resolved "https://registry.yarnpkg.com/node-sql-parser/-/node-sql-parser-5.3.2.tgz#23d10cbe7fabdd824c543b3e35a26488c3c0720f"
  integrity sha512-GW5KZeexD2fHfSmsOz/cYqlGCfO19n0RrwP5I9JfI3ufeffxnWTPczuM5slH4sgKoHrgIXSUKkcEIdNGs11XYA==
  dependencies:
    "@types/pegjs" "^0.10.0"
    big-integer "^1.6.48"
